
Microsoft Visual Studio Solution File, Format Version 12.00
# Visual Studio Version 17
VisualStudioVersion = 17.4.33205.214
MinimumVisualStudioVersion = 10.0.40219.1
Project("{FAE04EC0-301F-11D3-BF4B-00C04F79EFBC}") = "Projeto_ByteBank", "Projeto_ByteBank\Projeto_ByteBank.csproj", "{609A81F3-EADB-4DB7-9194-0584CBD502D4}"
EndProject
Global
	GlobalSection(SolutionConfigurationPlatforms) = preSolution
		Debug|Any CPU = Debug|Any CPU
		Release|Any CPU = Release|Any CPU
	EndGlobalSection
	GlobalSection(ProjectConfigurationPlatforms) = postSolution
		{609A81F3-EADB-4DB7-9194-0584CBD502D4}.Debug|Any CPU.ActiveCfg = Debug|Any CPU
		{609A81F3-EADB-4DB7-9194-0584CBD502D4}.Debug|Any CPU.Build.0 = Debug|Any CPU
		{609A81F3-EADB-4DB7-9194-0584CBD502D4}.Release|Any CPU.ActiveCfg = Release|Any CPU
		{609A81F3-EADB-4DB7-9194-0584CBD502D4}.Release|Any CPU.Build.0 = Release|Any CPU
	EndGlobalSection
	GlobalSection(SolutionProperties) = preSolution
		HideSolutionNode = FALSE
	EndGlobalSection
	GlobalSection(ExtensibilityGlobals) = postSolution
		SolutionGuid = {1B76A255-30AE-4709-B9C7-78DA8C704CF5}
	EndGlobalSection
EndGlobal
